
Microsoft Visual Studio Solution File, Format Version 12.00
# Visual Studio Version 17
VisualStudioVersion = 17.11.35312.102
MinimumVisualStudioVersion = 10.0.40219.1
Project("{FAE04EC0-301F-11D3-BF4B-00C04F79EFBC}") = "SqlServerComm", "SqlServerComm.csproj", "{FACFEEF6-A0AB-41DB-824C-6D6FD5519D1D}"
EndProject
Global
	GlobalSection(SolutionConfigurationPlatforms) = preSolution
		Debug|Any CPU = Debug|Any CPU
		Release|Any CPU = Release|Any CPU
	EndGlobalSection
	GlobalSection(ProjectConfigurationPlatforms) = postSolution
		{FACFEEF6-A0AB-41DB-824C-6D6FD5519D1D}.Debug|Any CPU.ActiveCfg = Debug|Any CPU
		{FACFEEF6-A0AB-41DB-824C-6D6FD5519D1D}.Debug|Any CPU.Build.0 = Debug|Any CPU
		{FACFEEF6-A0AB-41DB-824C-6D6FD5519D1D}.Release|Any CPU.ActiveCfg = Release|Any CPU
		{FACFEEF6-A0AB-41DB-824C-6D6FD5519D1D}.Release|Any CPU.Build.0 = Release|Any CPU
	EndGlobalSection
	GlobalSection(SolutionProperties) = preSolution
		HideSolutionNode = FALSE
	EndGlobalSection
	GlobalSection(ExtensibilityGlobals) = postSolution
		SolutionGuid = {DC79B046-454E-4A36-A7E3-889F7E9DF80E}
	EndGlobalSection
EndGlobal
